// !$*UTF8*$!
{
	archiveVersion = 1;
	classes = {
	};
	objectVersion = 46;
	objects = {

/* Begin PBXBuildFile section */
		1F1929A21DD1801F001FC972 /* AddNewPokemonViewController.swift in Sources */ = {isa = PBXBuildFile; fileRef = 1F1929A11DD1801F001FC972 /* AddNewPokemonViewController.swift */; };
		1F1929A41DD18073001FC972 /* pokebg.jpeg in Resources */ = {isa = PBXBuildFile; fileRef = 1F1929A31DD18073001FC972 /* pokebg.jpeg */; };
		1F5652001DC9078900A0AB33 /* PokemonAnnotationView.swift in Sources */ = {isa = PBXBuildFile; fileRef = 1F5651FF1DC9078900A0AB33 /* PokemonAnnotationView.swift */; };
		1F5652041DC90DDA00A0AB33 /* PokemonMapsViewController.swift in Sources */ = {isa = PBXBuildFile; fileRef = 1F5652031DC90DDA00A0AB33 /* PokemonMapsViewController.swift */; };
		1F6BD0041DC7C905002796F7 /* AppDelegate.swift in Sources */ = {isa = PBXBuildFile; fileRef = 1F6BD0031DC7C905002796F7 /* AppDelegate.swift */; };
		1F6BD0091DC7C905002796F7 /* Main.storyboard in Resources */ = {isa = PBXBuildFile; fileRef = 1F6BD0071DC7C905002796F7 /* Main.storyboard */; };
		1F6BD00B1DC7C905002796F7 /* Assets.xcassets in Resources */ = {isa = PBXBuildFile; fileRef = 1F6BD00A1DC7C905002796F7 /* Assets.xcassets */; };
		1F6BD00E1DC7C905002796F7 /* LaunchScreen.storyboard in Resources */ = {isa = PBXBuildFile; fileRef = 1F6BD00C1DC7C905002796F7 /* LaunchScreen.storyboard */; };
		1F6BD0161DC7C930002796F7 /* PokemonTableViewController.swift in Sources */ = {isa = PBXBuildFile; fileRef = 1F6BD0151DC7C930002796F7 /* PokemonTableViewController.swift */; };
		1F6BD0191DC7CC1B002796F7 /* Pokemon.swift in Sources */ = {isa = PBXBuildFile; fileRef = 1F6BD0181DC7CC1B002796F7 /* Pokemon.swift */; };
		1FD3A7F01DCB9D1D00C8331B /* PokemonAnnotation.swift in Sources */ = {isa = PBXBuildFile; fileRef = 1FD3A7EF1DCB9D1D00C8331B /* PokemonAnnotation.swift */; };
		1FDEA1C01DC93D8400C86DD7 /* PH.png in Resources */ = {isa = PBXBuildFile; fileRef = 1FDEA1BF1DC93D8400C86DD7 /* PH.png */; };
/* End PBXBuildFile section */

/* Begin PBXFileReference section */
		1F1929A11DD1801F001FC972 /* AddNewPokemonViewController.swift */ = {isa = PBXFileReference; fileEncoding = 4; lastKnownFileType = sourcecode.swift; path = AddNewPokemonViewController.swift; sourceTree = "<group>"; };
		1F1929A31DD18073001FC972 /* pokebg.jpeg */ = {isa = PBXFileReference; lastKnownFileType = image.jpeg; path = pokebg.jpeg; sourceTree = "<group>"; };
		1F5651FF1DC9078900A0AB33 /* PokemonAnnotationView.swift */ = {isa = PBXFileReference; fileEncoding = 4; lastKnownFileType = sourcecode.swift; path = PokemonAnnotationView.swift; sourceTree = "<group>"; };
		1F5652031DC90DDA00A0AB33 /* PokemonMapsViewController.swift */ = {isa = PBXFileReference; fileEncoding = 4; lastKnownFileType = sourcecode.swift; path = PokemonMapsViewController.swift; sourceTree = "<group>"; };
		1F6BD0001DC7C905002796F7 /* Pokemon.app */ = {isa = PBXFileReference; explicitFileType = wrapper.application; includeInIndex = 0; path = Pokemon.app; sourceTree = BUILT_PRODUCTS_DIR; };
		1F6BD0031DC7C905002796F7 /* AppDelegate.swift */ = {isa = PBXFileReference; lastKnownFileType = sourcecode.swift; path = AppDelegate.swift; sourceTree = "<group>"; };
		1F6BD0081DC7C905002796F7 /* Base */ = {isa = PBXFileReference; lastKnownFileType = file.storyboard; name = Base; path = Base.lproj/Main.storyboard; sourceTree = "<group>"; };
		1F6BD00A1DC7C905002796F7 /* Assets.xcassets */ = {isa = PBXFileReference; lastKnownFileType = folder.assetcatalog; path = Assets.xcassets; sourceTree = "<group>"; };
		1F6BD00D1DC7C905002796F7 /* Base */ = {isa = PBXFileReference; lastKnownFileType = file.storyboard; name = Base; path = Base.lproj/LaunchScreen.storyboard; sourceTree = "<group>"; };
		1F6BD00F1DC7C905002796F7 /* Info.plist */ = {isa = PBXFileReference; lastKnownFileType = text.plist.xml; path = Info.plist; sourceTree = "<group>"; };
		1F6BD0151DC7C930002796F7 /* PokemonTableViewController.swift */ = {isa = PBXFileReference; fileEncoding = 4; lastKnownFileType = sourcecode.swift; name = PokemonTableViewController.swift; path = Pokemon/PokemonTableViewController.swift; sourceTree = "<group>"; };
		1F6BD0181DC7CC1B002796F7 /* Pokemon.swift */ = {isa = PBXFileReference; fileEncoding = 4; lastKnownFileType = sourcecode.swift; path = Pokemon.swift; sourceTree = "<group>"; };
		1FD3A7EF1DCB9D1D00C8331B /* PokemonAnnotation.swift */ = {isa = PBXFileReference; fileEncoding = 4; lastKnownFileType = sourcecode.swift; path = PokemonAnnotation.swift; sourceTree = "<group>"; };
		1FDEA1BF1DC93D8400C86DD7 /* PH.png */ = {isa = PBXFileReference; lastKnownFileType = image.png; path = PH.png; sourceTree = "<group>"; };
/* End PBXFileReference section */

/* Begin PBXFrameworksBuildPhase section */
		1F6BCFFD1DC7C905002796F7 /* Frameworks */ = {
			isa = PBXFrameworksBuildPhase;
			buildActionMask = 2147483647;
			files = (
			);
			runOnlyForDeploymentPostprocessing = 0;
		};
/* End PBXFrameworksBuildPhase section */

/* Begin PBXGroup section */
		1F1929A71DD180A3001FC972 /* Images */ = {
			isa = PBXGroup;
			children = (
				1F1929A31DD18073001FC972 /* pokebg.jpeg */,
				1FDEA1BF1DC93D8400C86DD7 /* PH.png */,
			);
			name = Images;
			sourceTree = "<group>";
		};
		1F6BCFF71DC7C905002796F7 = {
			isa = PBXGroup;
			children = (
				1F1929A71DD180A3001FC972 /* Images */,
				1F6BD01A1DC7CC49002796F7 /* Classes */,
				1F6BD0181DC7CC1B002796F7 /* Pokemon.swift */,
				1FD3A7EF1DCB9D1D00C8331B /* PokemonAnnotation.swift */,
				1F5651FF1DC9078900A0AB33 /* PokemonAnnotationView.swift */,
				1F6BD0171DC7C95A002796F7 /* Controllers */,
				1F6BD0021DC7C905002796F7 /* Pokemon */,
				1F6BD0011DC7C905002796F7 /* Products */,
			);
			sourceTree = "<group>";
		};
		1F6BD0011DC7C905002796F7 /* Products */ = {
			isa = PBXGroup;
			children = (
				1F6BD0001DC7C905002796F7 /* Pokemon.app */,
			);
			name = Products;
			sourceTree = "<group>";
		};
		1F6BD0021DC7C905002796F7 /* Pokemon */ = {
			isa = PBXGroup;
			children = (
				1F6BD0031DC7C905002796F7 /* AppDelegate.swift */,
				1F6BD00A1DC7C905002796F7 /* Assets.xcassets */,
				1F6BD00C1DC7C905002796F7 /* LaunchScreen.storyboard */,
				1F6BD00F1DC7C905002796F7 /* Info.plist */,
			);
			path = Pokemon;
			sourceTree = "<group>";
		};
		1F6BD0171DC7C95A002796F7 /* Controllers */ = {
			isa = PBXGroup;
			children = (
				1F6BD0071DC7C905002796F7 /* Main.storyboard */,
				1F5652031DC90DDA00A0AB33 /* PokemonMapsViewController.swift */,
				1F6BD0151DC7C930002796F7 /* PokemonTableViewController.swift */,
				1F1929A11DD1801F001FC972 /* AddNewPokemonViewController.swift */,
			);
			name = Controllers;
			sourceTree = "<group>";
		};
		1F6BD01A1DC7CC49002796F7 /* Classes */ = {
			isa = PBXGroup;
			children = (
			);
			name = Classes;
			sourceTree = "<group>";
		};
/* End PBXGroup section */

/* Begin PBXNativeTarget section */
		1F6BCFFF1DC7C905002796F7 /* Pokemon */ = {
			isa = PBXNativeTarget;
			buildConfigurationList = 1F6BD0121DC7C905002796F7 /* Build configuration list for PBXNativeTarget "Pokemon" */;
			buildPhases = (
				1F6BCFFC1DC7C905002796F7 /* Sources */,
				1F6BCFFD1DC7C905002796F7 /* Frameworks */,
				1F6BCFFE1DC7C905002796F7 /* Resources */,
			);
			buildRules = (
			);
			dependencies = (
			);
			name = Pokemon;
			productName = Pokemon;
			productReference = 1F6BD0001DC7C905002796F7 /* Pokemon.app */;
			productType = "com.apple.product-type.application";
		};
/* End PBXNativeTarget section */

/* Begin PBXProject section */
		1F6BCFF81DC7C905002796F7 /* Project object */ = {
			isa = PBXProject;
			attributes = {
				LastSwiftUpdateCheck = 0810;
				LastUpgradeCheck = 0810;
				ORGANIZATIONNAME = geeoku;
				TargetAttributes = {
					1F6BCFFF1DC7C905002796F7 = {
						CreatedOnToolsVersion = 8.1;
						DevelopmentTeam = 7E646DTM59;
						ProvisioningStyle = Automatic;
					};
				};
			};
			buildConfigurationList = 1F6BCFFB1DC7C905002796F7 /* Build configuration list for PBXProject "Pokemon" */;
			compatibilityVersion = "Xcode 3.2";
			developmentRegion = English;
			hasScannedForEncodings = 0;
			knownRegions = (
				en,
				Base,
			);
			mainGroup = 1F6BCFF71DC7C905002796F7;
			productRefGroup = 1F6BD0011DC7C905002796F7 /* Products */;
			projectDirPath = "";
			projectRoot = "";
			targets = (
				1F6BCFFF1DC7C905002796F7 /* Pokemon */,
			);
		};
/* End PBXProject section */

/* Begin PBXResourcesBuildPhase section */
		1F6BCFFE1DC7C905002796F7 /* Resources */ = {
			isa = PBXResourcesBuildPhase;
			buildActionMask = 2147483647;
			files = (
				1F1929A41DD18073001FC972 /* pokebg.jpeg in Resources */,
				1F6BD00E1DC7C905002796F7 /* LaunchScreen.storyboard in Resources */,
				1FDEA1C01DC93D8400C86DD7 /* PH.png in Resources */,
				1F6BD00B1DC7C905002796F7 /* Assets.xcassets in Resources */,
				1F6BD0091DC7C905002796F7 /* Main.storyboard in Resources */,
			);
			runOnlyForDeploymentPostprocessing = 0;
		};
/* End PBXResourcesBuildPhase section */

/* Begin PBXSourcesBuildPhase section */
		1F6BCFFC1DC7C905002796F7 /* Sources */ = {
			isa = PBXSourcesBuildPhase;
			buildActionMask = 2147483647;
			files = (
				1F6BD0161DC7C930002796F7 /* PokemonTableViewController.swift in Sources */,
				1F5652001DC9078900A0AB33 /* PokemonAnnotationView.swift in Sources */,
				1F6BD0041DC7C905002796F7 /* AppDelegate.swift in Sources */,
				1F5652041DC90DDA00A0AB33 /* PokemonMapsViewController.swift in Sources */,
				1F1929A21DD1801F001FC972 /* AddNewPokemonViewController.swift in Sources */,
				1FD3A7F01DCB9D1D00C8331B /* PokemonAnnotation.swift in Sources */,
				1F6BD0191DC7CC1B002796F7 /* Pokemon.swift in Sources */,
			);
			runOnlyForDeploymentPostprocessing = 0;
		};
/* End PBXSourcesBuildPhase section */

/* Begin PBXVariantGroup section */
		1F6BD0071DC7C905002796F7 /* Main.storyboard */ = {
			isa = PBXVariantGroup;
			children = (
				1F6BD0081DC7C905002796F7 /* Base */,
			);
			name = Main.storyboard;
			path = Pokemon;
			sourceTree = "<group>";
		};
		1F6BD00C1DC7C905002796F7 /* LaunchScreen.storyboard */ = {
			isa = PBXVariantGroup;
			children = (
				1F6BD00D1DC7C905002796F7 /* Base */,
			);
			name = LaunchScreen.storyboard;
			sourceTree = "<group>";
		};
/* End PBXVariantGroup section */

/* Begin XCBuildConfiguration section */
		1F6BD0101DC7C905002796F7 /* Debug */ = {
			isa = XCBuildConfiguration;
			buildSettings = {
				ALWAYS_SEARCH_USER_PATHS = NO;
				CLANG_ANALYZER_NONNULL = YES;
				CLANG_CXX_LANGUAGE_STANDARD = "gnu++0x";
				CLANG_CXX_LIBRARY = "libc++";
				CLANG_ENABLE_MODULES = YES;
				CLANG_ENABLE_OBJC_ARC = YES;
				CLANG_WARN_BOOL_CONVERSION = YES;
				CLANG_WARN_CONSTANT_CONVERSION = YES;
				CLANG_WARN_DIRECT_OBJC_ISA_USAGE = YES_ERROR;
				CLANG_WARN_DOCUMENTATION_COMMENTS = YES;
				CLANG_WARN_EMPTY_BODY = YES;
				CLANG_WARN_ENUM_CONVERSION = YES;
				CLANG_WARN_INFINITE_RECURSION = YES;
				CLANG_WARN_INT_CONVERSION = YES;
				CLANG_WARN_OBJC_ROOT_CLASS = YES_ERROR;
				CLANG_WARN_SUSPICIOUS_MOVES = YES;
				CLANG_WARN_UNREACHABLE_CODE = YES;
				CLANG_WARN__DUPLICATE_METHOD_MATCH = YES;
				"CODE_SIGN_IDENTITY[sdk=iphoneos*]" = "iPhone Developer";
				COPY_PHASE_STRIP = NO;
				DEBUG_INFORMATION_FORMAT = dwarf;
				ENABLE_STRICT_OBJC_MSGSEND = YES;
				ENABLE_TESTABILITY = YES;
				GCC_C_LANGUAGE_STANDARD = gnu99;
				GCC_DYNAMIC_NO_PIC = NO;
				GCC_NO_COMMON_BLOCKS = YES;
				GCC_OPTIMIZATION_LEVEL = 0;
				GCC_PREPROCESSOR_DEFINITIONS = (
					"DEBUG=1",
					"$(inherited)",
				);
				GCC_WARN_64_TO_32_BIT_CONVERSION = YES;
				GCC_WARN_ABOUT_RETURN_TYPE = YES_ERROR;
				GCC_WARN_UNDECLARED_SELECTOR = YES;
				GCC_WARN_UNINITIALIZED_AUTOS = YES_AGGRESSIVE;
				GCC_WARN_UNUSED_FUNCTION = YES;
				GCC_WARN_UNUSED_VARIABLE = YES;
				IPHONEOS_DEPLOYMENT_TARGET = 10.1;
				MTL_ENABLE_DEBUG_INFO = YES;
				ONLY_ACTIVE_ARCH = YES;
				SDKROOT = iphoneos;
				SWIFT_ACTIVE_COMPILATION_CONDITIONS = DEBUG;
				SWIFT_OPTIMIZATION_LEVEL = "-Onone";
				TARGETED_DEVICE_FAMILY = "1,2";
			};
			name = Debug;
		};
		1F6BD0111DC7C905002796F7 /* Release */ = {
			isa = XCBuildConfiguration;
			buildSettings = {
				ALWAYS_SEARCH_USER_PATHS = NO;
				CLANG_ANALYZER_NONNULL = YES;
				CLANG_CXX_LANGUAGE_STANDARD = "gnu++0x";
				CLANG_CXX_LIBRARY = "libc++";
				CLANG_ENABLE_MODULES = YES;
				CLANG_ENABLE_OBJC_ARC = YES;
				CLANG_WARN_BOOL_CONVERSION = YES;
				CLANG_WARN_CONSTANT_CONVERSION = YES;
				CLANG_WARN_DIRECT_OBJC_ISA_USAGE = YES_ERROR;
				CLANG_WARN_DOCUMENTATION_COMMENTS = YES;
				CLANG_WARN_EMPTY_BODY = YES;
				CLANG_WARN_ENUM_CONVERSION = YES;
				CLANG_WARN_INFINITE_RECURSION = YES;
				CLANG_WARN_INT_CONVERSION = YES;
				CLANG_WARN_OBJC_ROOT_CLASS = YES_ERROR;
				CLANG_WARN_SUSPICIOUS_MOVES = YES;
				CLANG_WARN_UNREACHABLE_CODE = YES;
				CLANG_WARN__DUPLICATE_METHOD_MATCH = YES;
				"CODE_SIGN_IDENTITY[sdk=iphoneos*]" = "iPhone Developer";
				COPY_PHASE_STRIP = NO;
				DEBUG_INFORMATION_FORMAT = "dwarf-with-dsym";
				ENABLE_NS_ASSERTIONS = NO;
				ENABLE_STRICT_OBJC_MSGSEND = YES;
				GCC_C_LANGUAGE_STANDARD = gnu99;
				GCC_NO_COMMON_BLOCKS = YES;
				GCC_WARN_64_TO_32_BIT_CONVERSION = YES;
				GCC_WARN_ABOUT_RETURN_TYPE = YES_ERROR;
				GCC_WARN_UNDECLARED_SELECTOR = YES;
				GCC_WARN_UNINITIALIZED_AUTOS = YES_AGGRESSIVE;
				GCC_WARN_UNUSED_FUNCTION = YES;
				GCC_WARN_UNUSED_VARIABLE = YES;
				IPHONEOS_DEPLOYMENT_TARGET = 10.1;
				MTL_ENABLE_DEBUG_INFO = NO;
				SDKROOT = iphoneos;
				SWIFT_OPTIMIZATION_LEVEL = "-Owholemodule";
				TARGETED_DEVICE_FAMILY = "1,2";
				VALIDATE_PRODUCT = YES;
			};
			name = Release;
		};
		1F6BD0131DC7C905002796F7 /* Debug */ = {
			isa = XCBuildConfiguration;
			buildSettings = {
				ASSETCATALOG_COMPILER_APPICON_NAME = AppIcon;
				DEVELOPMENT_TEAM = 7E646DTM59;
				INFOPLIST_FILE = Pokemon/Info.plist;
				LD_RUNPATH_SEARCH_PATHS = "$(inherited) @executable_path/Frameworks";
				PRODUCT_BUNDLE_IDENTIFIER = com.geeoku.Pokemon;
				PRODUCT_NAME = "$(TARGET_NAME)";
				SWIFT_VERSION = 3.0;
			};
			name = Debug;
		};
		1F6BD0141DC7C905002796F7 /* Release */ = {
			isa = XCBuildConfiguration;
			buildSettings = {
				ASSETCATALOG_COMPILER_APPICON_NAME = AppIcon;
				DEVELOPMENT_TEAM = 7E646DTM59;
				INFOPLIST_FILE = Pokemon/Info.plist;
				LD_RUNPATH_SEARCH_PATHS = "$(inherited) @executable_path/Frameworks";
				PRODUCT_BUNDLE_IDENTIFIER = com.geeoku.Pokemon;
				PRODUCT_NAME = "$(TARGET_NAME)";
				SWIFT_VERSION = 3.0;
			};
			name = Release;
		};
/* End XCBuildConfiguration section */

/* Begin XCConfigurationList section */
		1F6BCFFB1DC7C905002796F7 /* Build configuration list for PBXProject "Pokemon" */ = {
			isa = XCConfigurationList;
			buildConfigurations = (
				1F6BD0101DC7C905002796F7 /* Debug */,
				1F6BD0111DC7C905002796F7 /* Release */,
			);
			defaultConfigurationIsVisible = 0;
			defaultConfigurationName = Release;
		};
		1F6BD0121DC7C905002796F7 /* Build configuration list for PBXNativeTarget "Pokemon" */ = {
			isa = XCConfigurationList;
			buildConfigurations = (
				1F6BD0131DC7C905002796F7 /* Debug */,
				1F6BD0141DC7C905002796F7 /* Release */,
			);
			defaultConfigurationIsVisible = 0;
			defaultConfigurationName = Release;
		};
/* End XCConfigurationList section */
	};
	rootObject = 1F6BCFF81DC7C905002796F7 /* Project object */;
}
